
Microsoft Visual Studio Solution File, Format Version 12.00
# Visual Studio Version 17
VisualStudioVersion = 17.9.34728.123
MinimumVisualStudioVersion = 10.0.40219.1
Project("{FAE04EC0-301F-11D3-BF4B-00C04F79EFBC}") = "MasterPol", "MasterPol\MasterPol.csproj", "{B6682ACF-59B5-4A6B-9E1E-B1BD7F5C994E}"
EndProject
Global
	GlobalSection(SolutionConfigurationPlatforms) = preSolution
		Debug|Any CPU = Debug|Any CPU
		Release|Any CPU = Release|Any CPU
	EndGlobalSection
	GlobalSection(ProjectConfigurationPlatforms) = postSolution
		{B6682ACF-59B5-4A6B-9E1E-B1BD7F5C994E}.Debug|Any CPU.ActiveCfg = Debug|Any CPU
		{B6682ACF-59B5-4A6B-9E1E-B1BD7F5C994E}.Debug|Any CPU.Build.0 = Debug|Any CPU
		{B6682ACF-59B5-4A6B-9E1E-B1BD7F5C994E}.Release|Any CPU.ActiveCfg = Release|Any CPU
		{B6682ACF-59B5-4A6B-9E1E-B1BD7F5C994E}.Release|Any CPU.Build.0 = Release|Any CPU
	EndGlobalSection
	GlobalSection(SolutionProperties) = preSolution
		HideSolutionNode = FALSE
	EndGlobalSection
	GlobalSection(ExtensibilityGlobals) = postSolution
		SolutionGuid = {758CC2B3-8021-41F4-976B-C235C48CE364}
	EndGlobalSection
EndGlobal
